// !$*UTF8*$!
{
	archiveVersion = 1;
	classes = {
	};
	objectVersion = 77;
	objects = {

/* Begin PBXContainerItemProxy section */
		5CD69D692D03BA8F002090CB /* PBXContainerItemProxy */ = {
			isa = PBXContainerItemProxy;
			containerPortal = 5CD69D502D03BA8D002090CB /* Project object */;
			proxyType = 1;
			remoteGlobalIDString = 5CD69D572D03BA8D002090CB;
			remoteInfo = FrontEnd;
		};
		5CD69D732D03BA8F002090CB /* PBXContainerItemProxy */ = {
			isa = PBXContainerItemProxy;
			containerPortal = 5CD69D502D03BA8D002090CB /* Project object */;
			proxyType = 1;
			remoteGlobalIDString = 5CD69D572D03BA8D002090CB;
			remoteInfo = FrontEnd;
		};
/* End PBXContainerItemProxy section */

/* Begin PBXFileReference section */
		5C4CA8BB2D0BA0BC0057D86F /* FrontEnd.xcodeproj */ = {isa = PBXFileReference; lastKnownFileType = "wrapper.pb-project"; path = FrontEnd.xcodeproj; sourceTree = "<group>"; };
		5CD69D582D03BA8D002090CB /* FrontEnd.app */ = {isa = PBXFileReference; explicitFileType = wrapper.application; includeInIndex = 0; path = FrontEnd.app; sourceTree = BUILT_PRODUCTS_DIR; };
		5CD69D682D03BA8F002090CB /* FrontEndTests.xctest */ = {isa = PBXFileReference; explicitFileType = wrapper.cfbundle; includeInIndex = 0; path = FrontEndTests.xctest; sourceTree = BUILT_PRODUCTS_DIR; };
		5CD69D722D03BA8F002090CB /* FrontEndUITests.xctest */ = {isa = PBXFileReference; explicitFileType = wrapper.cfbundle; includeInIndex = 0; path = FrontEndUITests.xctest; sourceTree = BUILT_PRODUCTS_DIR; };
/* End PBXFileReference section */

/* Begin PBXFileSystemSynchronizedBuildFileExceptionSet section */
		5C4CA8472D0AC73A0057D86F /* Exceptions for "FrontEnd" folder in "FrontEnd" target */ = {
			isa = PBXFileSystemSynchronizedBuildFileExceptionSet;
			membershipExceptions = (
				Scenes/.env,
			);
			target = 5CD69D572D03BA8D002090CB /* FrontEnd */;
		};
		F1B8A8772D066E5B00510C73 /* Exceptions for "FrontEnd" folder in "FrontEndUITests" target */ = {
			isa = PBXFileSystemSynchronizedBuildFileExceptionSet;
			membershipExceptions = (
				Scenes/BracketView.swift,
			);
			target = 5CD69D712D03BA8F002090CB /* FrontEndUITests */;
		};
/* End PBXFileSystemSynchronizedBuildFileExceptionSet section */

/* Begin PBXFileSystemSynchronizedGroupBuildPhaseMembershipExceptionSet section */
		5C4CA8482D0AC73A0057D86F /* Exceptions for "FrontEnd" folder in "Compile Sources" phase from "FrontEnd" target */ = {
			isa = PBXFileSystemSynchronizedGroupBuildPhaseMembershipExceptionSet;
			buildPhase = 5CD69D542D03BA8D002090CB /* Sources */;
			membershipExceptions = (
				Scenes/.env,
			);
		};
/* End PBXFileSystemSynchronizedGroupBuildPhaseMembershipExceptionSet section */

/* Begin PBXFileSystemSynchronizedRootGroup section */
		5CD69D5A2D03BA8D002090CB /* FrontEnd */ = {
			isa = PBXFileSystemSynchronizedRootGroup;
			exceptions = (
				5C4CA8472D0AC73A0057D86F /* Exceptions for "FrontEnd" folder in "FrontEnd" target */,
				5C4CA8482D0AC73A0057D86F /* Exceptions for "FrontEnd" folder in "Compile Sources" phase from "FrontEnd" target */,
				F1B8A8772D066E5B00510C73 /* Exceptions for "FrontEnd" folder in "FrontEndUITests" target */,
			);
			path = FrontEnd;
			sourceTree = "<group>";
		};
		5CD69D6B2D03BA8F002090CB /* FrontEndTests */ = {
			isa = PBXFileSystemSynchronizedRootGroup;
			path = FrontEndTests;
			sourceTree = "<group>";
		};
		5CD69D752D03BA8F002090CB /* FrontEndUITests */ = {
			isa = PBXFileSystemSynchronizedRootGroup;
			path = FrontEndUITests;
			sourceTree = "<group>";
		};
/* End PBXFileSystemSynchronizedRootGroup section */

/* Begin PBXFrameworksBuildPhase section */
		5CD69D552D03BA8D002090CB /* Frameworks */ = {
			isa = PBXFrameworksBuildPhase;
			buildActionMask = 2147483647;
			files = (
			);
			runOnlyForDeploymentPostprocessing = 0;
		};
		5CD69D652D03BA8F002090CB /* Frameworks */ = {
			isa = PBXFrameworksBuildPhase;
			buildActionMask = 2147483647;
			files = (
			);
			runOnlyForDeploymentPostprocessing = 0;
		};
		5CD69D6F2D03BA8F002090CB /* Frameworks */ = {
			isa = PBXFrameworksBuildPhase;
			buildActionMask = 2147483647;
			files = (
			);
			runOnlyForDeploymentPostprocessing = 0;
		};
/* End PBXFrameworksBuildPhase section */

/* Begin PBXGroup section */
		5C4CA8C62D0BA0BC0057D86F /* Products */ = {
			isa = PBXGroup;
			children = (
			);
			name = Products;
			sourceTree = "<group>";
		};
		5CD69D4F2D03BA8D002090CB = {
			isa = PBXGroup;
			children = (
				5CD69D5A2D03BA8D002090CB /* FrontEnd */,
				5CD69D6B2D03BA8F002090CB /* FrontEndTests */,
				5CD69D752D03BA8F002090CB /* FrontEndUITests */,
				5CD69D592D03BA8D002090CB /* Products */,
			);
			sourceTree = "<group>";
		};
		5CD69D592D03BA8D002090CB /* Products */ = {
			isa = PBXGroup;
			children = (
				5CD69D582D03BA8D002090CB /* FrontEnd.app */,
				5CD69D682D03BA8F002090CB /* FrontEndTests.xctest */,
				5CD69D722D03BA8F002090CB /* FrontEndUITests.xctest */,
			);
			name = Products;
			sourceTree = "<group>";
		};
/* End PBXGroup section */

/* Begin PBXNativeTarget section */
		5CD69D572D03BA8D002090CB /* FrontEnd */ = {
			isa = PBXNativeTarget;
			buildConfigurationList = 5CD69D7C2D03BA8F002090CB /* Build configuration list for PBXNativeTarget "FrontEnd" */;
			buildPhases = (
				5CD69D542D03BA8D002090CB /* Sources */,
				5CD69D552D03BA8D002090CB /* Frameworks */,
				5CD69D562D03BA8D002090CB /* Resources */,
			);
			buildRules = (
			);
			dependencies = (
			);
			fileSystemSynchronizedGroups = (
				5CD69D5A2D03BA8D002090CB /* FrontEnd */,
			);
			name = FrontEnd;
			packageProductDependencies = (
			);
			productName = FrontEnd;
			productReference = 5CD69D582D03BA8D002090CB /* FrontEnd.app */;
			productType = "com.apple.product-type.application";
		};
		5CD69D672D03BA8F002090CB /* FrontEndTests */ = {
			isa = PBXNativeTarget;
			buildConfigurationList = 5CD69D7F2D03BA8F002090CB /* Build configuration list for PBXNativeTarget "FrontEndTests" */;
			buildPhases = (
				5CD69D642D03BA8F002090CB /* Sources */,
				5CD69D652D03BA8F002090CB /* Frameworks */,
				5CD69D662D03BA8F002090CB /* Resources */,
			);
			buildRules = (
			);
			dependencies = (
				5CD69D6A2D03BA8F002090CB /* PBXTargetDependency */,
			);
			fileSystemSynchronizedGroups = (
				5CD69D6B2D03BA8F002090CB /* FrontEndTests */,
			);
			name = FrontEndTests;
			packageProductDependencies = (
			);
			productName = FrontEndTests;
			productReference = 5CD69D682D03BA8F002090CB /* FrontEndTests.xctest */;
			productType = "com.apple.product-type.bundle.unit-test";
		};
		5CD69D712D03BA8F002090CB /* FrontEndUITests */ = {
			isa = PBXNativeTarget;
			buildConfigurationList = 5CD69D822D03BA8F002090CB /* Build configuration list for PBXNativeTarget "FrontEndUITests" */;
			buildPhases = (
				5CD69D6E2D03BA8F002090CB /* Sources */,
				5CD69D6F2D03BA8F002090CB /* Frameworks */,
				5CD69D702D03BA8F002090CB /* Resources */,
			);
			buildRules = (
			);
			dependencies = (
				5CD69D742D03BA8F002090CB /* PBXTargetDependency */,
			);
			fileSystemSynchronizedGroups = (
				5CD69D752D03BA8F002090CB /* FrontEndUITests */,
			);
			name = FrontEndUITests;
			packageProductDependencies = (
			);
			productName = FrontEndUITests;
			productReference = 5CD69D722D03BA8F002090CB /* FrontEndUITests.xctest */;
			productType = "com.apple.product-type.bundle.ui-testing";
		};
/* End PBXNativeTarget section */

/* Begin PBXProject section */
		5CD69D502D03BA8D002090CB /* Project object */ = {
			isa = PBXProject;
			attributes = {
				BuildIndependentTargetsInParallel = 1;
				LastSwiftUpdateCheck = 1600;
				LastUpgradeCheck = 1600;
				TargetAttributes = {
					5CD69D572D03BA8D002090CB = {
						CreatedOnToolsVersion = 16.0;
					};
					5CD69D672D03BA8F002090CB = {
						CreatedOnToolsVersion = 16.0;
						TestTargetID = 5CD69D572D03BA8D002090CB;
					};
					5CD69D712D03BA8F002090CB = {
						CreatedOnToolsVersion = 16.0;
						TestTargetID = 5CD69D572D03BA8D002090CB;
					};
				};
			};
			buildConfigurationList = 5CD69D532D03BA8D002090CB /* Build configuration list for PBXProject "FrontEnd" */;
			developmentRegion = en;
			hasScannedForEncodings = 0;
			knownRegions = (
				en,
				Base,
			);
			mainGroup = 5CD69D4F2D03BA8D002090CB;
			minimizedProjectReferenceProxies = 1;
			preferredProjectObjectVersion = 77;
			productRefGroup = 5CD69D592D03BA8D002090CB /* Products */;
			projectDirPath = "";
			projectReferences = (
				{
					ProductGroup = 5C4CA8C62D0BA0BC0057D86F /* Products */;
					ProjectRef = 5C4CA8BB2D0BA0BC0057D86F /* FrontEnd.xcodeproj */;
				},
			);
			projectRoot = "";
			targets = (
				5CD69D572D03BA8D002090CB /* FrontEnd */,
				5CD69D672D03BA8F002090CB /* FrontEndTests */,
				5CD69D712D03BA8F002090CB /* FrontEndUITests */,
			);
		};
/* End PBXProject section */

/* Begin PBXResourcesBuildPhase section */
		5CD69D562D03BA8D002090CB /* Resources */ = {
			isa = PBXResourcesBuildPhase;
			buildActionMask = 2147483647;
			files = (
			);
			runOnlyForDeploymentPostprocessing = 0;
		};
		5CD69D662D03BA8F002090CB /* Resources */ = {
			isa = PBXResourcesBuildPhase;
			buildActionMask = 2147483647;
			files = (
			);
			runOnlyForDeploymentPostprocessing = 0;
		};
		5CD69D702D03BA8F002090CB /* Resources */ = {
			isa = PBXResourcesBuildPhase;
			buildActionMask = 2147483647;
			files = (
			);
			runOnlyForDeploymentPostprocessing = 0;
		};
/* End PBXResourcesBuildPhase section */

/* Begin PBXSourcesBuildPhase section */
		5CD69D542D03BA8D002090CB /* Sources */ = {
			isa = PBXSourcesBuildPhase;
			buildActionMask = 2147483647;
			files = (
			);
			runOnlyForDeploymentPostprocessing = 0;
		};
		5CD69D642D03BA8F002090CB /* Sources */ = {
			isa = PBXSourcesBuildPhase;
			buildActionMask = 2147483647;
			files = (
			);
			runOnlyForDeploymentPostprocessing = 0;
		};
		5CD69D6E2D03BA8F002090CB /* Sources */ = {
			isa = PBXSourcesBuildPhase;
			buildActionMask = 2147483647;
			files = (
			);
			runOnlyForDeploymentPostprocessing = 0;
		};
/* End PBXSourcesBuildPhase section */

/* Begin PBXTargetDependency section */
		5CD69D6A2D03BA8F002090CB /* PBXTargetDependency */ = {
			isa = PBXTargetDependency;
			target = 5CD69D572D03BA8D002090CB /* FrontEnd */;
			targetProxy = 5CD69D692D03BA8F002090CB /* PBXContainerItemProxy */;
		};
		5CD69D742D03BA8F002090CB /* PBXTargetDependency */ = {
			isa = PBXTargetDependency;
			target = 5CD69D572D03BA8D002090CB /* FrontEnd */;
			targetProxy = 5CD69D732D03BA8F002090CB /* PBXContainerItemProxy */;
		};
/* End PBXTargetDependency section */

/* Begin XCBuildConfiguration section */
		5CD69D7A2D03BA8F002090CB /* Debug */ = {
			isa = XCBuildConfiguration;
			buildSettings = {
				ALWAYS_SEARCH_USER_PATHS = NO;
				ASSETCATALOG_COMPILER_GENERATE_SWIFT_ASSET_SYMBOL_EXTENSIONS = YES;
				CLANG_ANALYZER_NONNULL = YES;
				CLANG_ANALYZER_NUMBER_OBJECT_CONVERSION = YES_AGGRESSIVE;
				CLANG_CXX_LANGUAGE_STANDARD = "gnu++20";
				CLANG_ENABLE_MODULES = YES;
				CLANG_ENABLE_OBJC_ARC = YES;
				CLANG_ENABLE_OBJC_WEAK = YES;
				CLANG_WARN_BLOCK_CAPTURE_AUTORELEASING = YES;
				CLANG_WARN_BOOL_CONVERSION = YES;
				CLANG_WARN_COMMA = YES;
				CLANG_WARN_CONSTANT_CONVERSION = YES;
				CLANG_WARN_DEPRECATED_OBJC_IMPLEMENTATIONS = YES;
				CLANG_WARN_DIRECT_OBJC_ISA_USAGE = YES_ERROR;
				CLANG_WARN_DOCUMENTATION_COMMENTS = YES;
				CLANG_WARN_EMPTY_BODY = YES;
				CLANG_WARN_ENUM_CONVERSION = YES;
				CLANG_WARN_INFINITE_RECURSION = YES;
				CLANG_WARN_INT_CONVERSION = YES;
				CLANG_WARN_NON_LITERAL_NULL_CONVERSION = YES;
				CLANG_WARN_OBJC_IMPLICIT_RETAIN_SELF = YES;
				CLANG_WARN_OBJC_LITERAL_CONVERSION = YES;
				CLANG_WARN_OBJC_ROOT_CLASS = YES_ERROR;
				CLANG_WARN_QUOTED_INCLUDE_IN_FRAMEWORK_HEADER = YES;
				CLANG_WARN_RANGE_LOOP_ANALYSIS = YES;
				CLANG_WARN_STRICT_PROTOTYPES = YES;
				CLANG_WARN_SUSPICIOUS_MOVE = YES;
				CLANG_WARN_UNGUARDED_AVAILABILITY = YES_AGGRESSIVE;
				CLANG_WARN_UNREACHABLE_CODE = YES;
				CLANG_WARN__DUPLICATE_METHOD_MATCH = YES;
				COPY_PHASE_STRIP = NO;
				DEBUG_INFORMATION_FORMAT = dwarf;
				ENABLE_STRICT_OBJC_MSGSEND = YES;
				ENABLE_TESTABILITY = YES;
				ENABLE_USER_SCRIPT_SANDBOXING = YES;
				GCC_C_LANGUAGE_STANDARD = gnu17;
				GCC_DYNAMIC_NO_PIC = NO;
				GCC_NO_COMMON_BLOCKS = YES;
				GCC_OPTIMIZATION_LEVEL = 0;
				GCC_PREPROCESSOR_DEFINITIONS = (
					"DEBUG=1",
					"$(inherited)",
				);
				GCC_WARN_64_TO_32_BIT_CONVERSION = YES;
				GCC_WARN_ABOUT_RETURN_TYPE = YES_ERROR;
				GCC_WARN_UNDECLARED_SELECTOR = YES;
				GCC_WARN_UNINITIALIZED_AUTOS = YES_AGGRESSIVE;
				GCC_WARN_UNUSED_FUNCTION = YES;
				GCC_WARN_UNUSED_VARIABLE = YES;
				IPHONEOS_DEPLOYMENT_TARGET = 18.0;
				LOCALIZATION_PREFERS_STRING_CATALOGS = YES;
				MTL_ENABLE_DEBUG_INFO = INCLUDE_SOURCE;
				MTL_FAST_MATH = YES;
				ONLY_ACTIVE_ARCH = YES;
				SDKROOT = iphoneos;
				SWIFT_ACTIVE_COMPILATION_CONDITIONS = "DEBUG $(inherited)";
				SWIFT_OPTIMIZATION_LEVEL = "-Onone";
			};
			name = Debug;
		};
		5CD69D7B2D03BA8F002090CB /* Release */ = {
			isa = XCBuildConfiguration;
			buildSettings = {
				ALWAYS_SEARCH_USER_PATHS = NO;
				ASSETCATALOG_COMPILER_GENERATE_SWIFT_ASSET_SYMBOL_EXTENSIONS = YES;
				CLANG_ANALYZER_NONNULL = YES;
				CLANG_ANALYZER_NUMBER_OBJECT_CONVERSION = YES_AGGRESSIVE;
				CLANG_CXX_LANGUAGE_STANDARD = "gnu++20";
				CLANG_ENABLE_MODULES = YES;
				CLANG_ENABLE_OBJC_ARC = YES;
				CLANG_ENABLE_OBJC_WEAK = YES;
				CLANG_WARN_BLOCK_CAPTURE_AUTORELEASING = YES;
				CLANG_WARN_BOOL_CONVERSION = YES;
				CLANG_WARN_COMMA = YES;
				CLANG_WARN_CONSTANT_CONVERSION = YES;
				CLANG_WARN_DEPRECATED_OBJC_IMPLEMENTATIONS = YES;
				CLANG_WARN_DIRECT_OBJC_ISA_USAGE = YES_ERROR;
				CLANG_WARN_DOCUMENTATION_COMMENTS = YES;
				CLANG_WARN_EMPTY_BODY = YES;
				CLANG_WARN_ENUM_CONVERSION = YES;
				CLANG_WARN_INFINITE_RECURSION = YES;
				CLANG_WARN_INT_CONVERSION = YES;
				CLANG_WARN_NON_LITERAL_NULL_CONVERSION = YES;
				CLANG_WARN_OBJC_IMPLICIT_RETAIN_SELF = YES;
				CLANG_WARN_OBJC_LITERAL_CONVERSION = YES;
				CLANG_WARN_OBJC_ROOT_CLASS = YES_ERROR;
				CLANG_WARN_QUOTED_INCLUDE_IN_FRAMEWORK_HEADER = YES;
				CLANG_WARN_RANGE_LOOP_ANALYSIS = YES;
				CLANG_WARN_STRICT_PROTOTYPES = YES;
				CLANG_WARN_SUSPICIOUS_MOVE = YES;
				CLANG_WARN_UNGUARDED_AVAILABILITY = YES_AGGRESSIVE;
				CLANG_WARN_UNREACHABLE_CODE = YES;
				CLANG_WARN__DUPLICATE_METHOD_MATCH = YES;
				COPY_PHASE_STRIP = NO;
				DEBUG_INFORMATION_FORMAT = "dwarf-with-dsym";
				ENABLE_NS_ASSERTIONS = NO;
				ENABLE_STRICT_OBJC_MSGSEND = YES;
				ENABLE_USER_SCRIPT_SANDBOXING = YES;
				GCC_C_LANGUAGE_STANDARD = gnu17;
				GCC_NO_COMMON_BLOCKS = YES;
				GCC_WARN_64_TO_32_BIT_CONVERSION = YES;
				GCC_WARN_ABOUT_RETURN_TYPE = YES_ERROR;
				GCC_WARN_UNDECLARED_SELECTOR = YES;
				GCC_WARN_UNINITIALIZED_AUTOS = YES_AGGRESSIVE;
				GCC_WARN_UNUSED_FUNCTION = YES;
				GCC_WARN_UNUSED_VARIABLE = YES;
				IPHONEOS_DEPLOYMENT_TARGET = 18.0;
				LOCALIZATION_PREFERS_STRING_CATALOGS = YES;
				MTL_ENABLE_DEBUG_INFO = NO;
				MTL_FAST_MATH = YES;
				SDKROOT = iphoneos;
				SWIFT_COMPILATION_MODE = wholemodule;
				VALIDATE_PRODUCT = YES;
			};
			name = Release;
		};
		5CD69D7D2D03BA8F002090CB /* Debug */ = {
			isa = XCBuildConfiguration;
			buildSettings = {
				ASSETCATALOG_COMPILER_APPICON_NAME = AppIcon;
				ASSETCATALOG_COMPILER_GLOBAL_ACCENT_COLOR_NAME = AccentColor;
				CODE_SIGN_STYLE = Automatic;
				CURRENT_PROJECT_VERSION = 1;
				DEVELOPMENT_ASSET_PATHS = "\"FrontEnd/Preview Content\"";
				ENABLE_PREVIEWS = YES;
				GENERATE_INFOPLIST_FILE = YES;
				INFOPLIST_KEY_UIApplicationSceneManifest_Generation = YES;
				INFOPLIST_KEY_UIApplicationSupportsIndirectInputEvents = YES;
				INFOPLIST_KEY_UILaunchScreen_Generation = YES;
				INFOPLIST_KEY_UISupportedInterfaceOrientations_iPad = "UIInterfaceOrientationPortrait UIInterfaceOrientationPortraitUpsideDown UIInterfaceOrientationLandscapeLeft UIInterfaceOrientationLandscapeRight";
				INFOPLIST_KEY_UISupportedInterfaceOrientations_iPhone = "UIInterfaceOrientationPortrait UIInterfaceOrientationLandscapeLeft UIInterfaceOrientationLandscapeRight";
				LD_RUNPATH_SEARCH_PATHS = (
					"$(inherited)",
					"@executable_path/Frameworks",
				);
				MARKETING_VERSION = 1.0;
				NEW_SETTING = "";
				PRODUCT_BUNDLE_IDENTIFIER = prez.FrontEnd;
				PRODUCT_NAME = "$(TARGET_NAME)";
				SWIFT_EMIT_LOC_STRINGS = YES;
				SWIFT_VERSION = 5.0;
				TARGETED_DEVICE_FAMILY = "1,2";
			};
			name = Debug;
		};
		5CD69D7E2D03BA8F002090CB /* Release */ = {
			isa = XCBuildConfiguration;
			buildSettings = {
				ASSETCATALOG_COMPILER_APPICON_NAME = AppIcon;
				ASSETCATALOG_COMPILER_GLOBAL_ACCENT_COLOR_NAME = AccentColor;
				CODE_SIGN_STYLE = Automatic;
				CURRENT_PROJECT_VERSION = 1;
				DEVELOPMENT_ASSET_PATHS = "\"FrontEnd/Preview Content\"";
				ENABLE_PREVIEWS = YES;
				GENERATE_INFOPLIST_FILE = YES;
				INFOPLIST_KEY_UIApplicationSceneManifest_Generation = YES;
				INFOPLIST_KEY_UIApplicationSupportsIndirectInputEvents = YES;
				INFOPLIST_KEY_UILaunchScreen_Generation = YES;
				INFOPLIST_KEY_UISupportedInterfaceOrientations_iPad = "UIInterfaceOrientationPortrait UIInterfaceOrientationPortraitUpsideDown UIInterfaceOrientationLandscapeLeft UIInterfaceOrientationLandscapeRight";
				INFOPLIST_KEY_UISupportedInterfaceOrientations_iPhone = "UIInterfaceOrientationPortrait UIInterfaceOrientationLandscapeLeft UIInterfaceOrientationLandscapeRight";
				LD_RUNPATH_SEARCH_PATHS = (
					"$(inherited)",
					"@executable_path/Frameworks",
				);
				MARKETING_VERSION = 1.0;
				NEW_SETTING = "";
				PRODUCT_BUNDLE_IDENTIFIER = prez.FrontEnd;
				PRODUCT_NAME = "$(TARGET_NAME)";
				SWIFT_EMIT_LOC_STRINGS = YES;
				SWIFT_VERSION = 5.0;
				TARGETED_DEVICE_FAMILY = "1,2";
			};
			name = Release;
		};
		5CD69D802D03BA8F002090CB /* Debug */ = {
			isa = XCBuildConfiguration;
			buildSettings = {
				BUNDLE_LOADER = "$(TEST_HOST)";
				CODE_SIGN_STYLE = Automatic;
				CURRENT_PROJECT_VERSION = 1;
				GENERATE_INFOPLIST_FILE = YES;
				IPHONEOS_DEPLOYMENT_TARGET = 18.0;
				MARKETING_VERSION = 1.0;
				PRODUCT_BUNDLE_IDENTIFIER = prez.FrontEndTests;
				PRODUCT_NAME = "$(TARGET_NAME)";
				SWIFT_EMIT_LOC_STRINGS = NO;
				SWIFT_VERSION = 5.0;
				TARGETED_DEVICE_FAMILY = "1,2";
				TEST_HOST = "$(BUILT_PRODUCTS_DIR)/FrontEnd.app/$(BUNDLE_EXECUTABLE_FOLDER_PATH)/FrontEnd";
			};
			name = Debug;
		};
		5CD69D812D03BA8F002090CB /* Release */ = {
			isa = XCBuildConfiguration;
			buildSettings = {
				BUNDLE_LOADER = "$(TEST_HOST)";
				CODE_SIGN_STYLE = Automatic;
				CURRENT_PROJECT_VERSION = 1;
				GENERATE_INFOPLIST_FILE = YES;
				IPHONEOS_DEPLOYMENT_TARGET = 18.0;
				MARKETING_VERSION = 1.0;
				PRODUCT_BUNDLE_IDENTIFIER = prez.FrontEndTests;
				PRODUCT_NAME = "$(TARGET_NAME)";
				SWIFT_EMIT_LOC_STRINGS = NO;
				SWIFT_VERSION = 5.0;
				TARGETED_DEVICE_FAMILY = "1,2";
				TEST_HOST = "$(BUILT_PRODUCTS_DIR)/FrontEnd.app/$(BUNDLE_EXECUTABLE_FOLDER_PATH)/FrontEnd";
			};
			name = Release;
		};
		5CD69D832D03BA8F002090CB /* Debug */ = {
			isa = XCBuildConfiguration;
			buildSettings = {
				CODE_SIGN_STYLE = Automatic;
				CURRENT_PROJECT_VERSION = 1;
				GENERATE_INFOPLIST_FILE = YES;
				MARKETING_VERSION = 1.0;
				PRODUCT_BUNDLE_IDENTIFIER = prez.FrontEndUITests;
				PRODUCT_NAME = "$(TARGET_NAME)";
				SWIFT_EMIT_LOC_STRINGS = NO;
				SWIFT_VERSION = 5.0;
				TARGETED_DEVICE_FAMILY = "1,2";
				TEST_TARGET_NAME = FrontEnd;
			};
			name = Debug;
		};
		5CD69D842D03BA8F002090CB /* Release */ = {
			isa = XCBuildConfiguration;
			buildSettings = {
				CODE_SIGN_STYLE = Automatic;
				CURRENT_PROJECT_VERSION = 1;
				GENERATE_INFOPLIST_FILE = YES;
				MARKETING_VERSION = 1.0;
				PRODUCT_BUNDLE_IDENTIFIER = prez.FrontEndUITests;
				PRODUCT_NAME = "$(TARGET_NAME)";
				SWIFT_EMIT_LOC_STRINGS = NO;
				SWIFT_VERSION = 5.0;
				TARGETED_DEVICE_FAMILY = "1,2";
				TEST_TARGET_NAME = FrontEnd;
			};
			name = Release;
		};
/* End XCBuildConfiguration section */

/* Begin XCConfigurationList section */
		5CD69D532D03BA8D002090CB /* Build configuration list for PBXProject "FrontEnd" */ = {
			isa = XCConfigurationList;
			buildConfigurations = (
				5CD69D7A2D03BA8F002090CB /* Debug */,
				5CD69D7B2D03BA8F002090CB /* Release */,
			);
			defaultConfigurationIsVisible = 0;
			defaultConfigurationName = Release;
		};
		5CD69D7C2D03BA8F002090CB /* Build configuration list for PBXNativeTarget "FrontEnd" */ = {
			isa = XCConfigurationList;
			buildConfigurations = (
				5CD69D7D2D03BA8F002090CB /* Debug */,
				5CD69D7E2D03BA8F002090CB /* Release */,
			);
			defaultConfigurationIsVisible = 0;
			defaultConfigurationName = Release;
		};
		5CD69D7F2D03BA8F002090CB /* Build configuration list for PBXNativeTarget "FrontEndTests" */ = {
			isa = XCConfigurationList;
			buildConfigurations = (
				5CD69D802D03BA8F002090CB /* Debug */,
				5CD69D812D03BA8F002090CB /* Release */,
			);
			defaultConfigurationIsVisible = 0;
			defaultConfigurationName = Release;
		};
		5CD69D822D03BA8F002090CB /* Build configuration list for PBXNativeTarget "FrontEndUITests" */ = {
			isa = XCConfigurationList;
			buildConfigurations = (
				5CD69D832D03BA8F002090CB /* Debug */,
				5CD69D842D03BA8F002090CB /* Release */,
			);
			defaultConfigurationIsVisible = 0;
			defaultConfigurationName = Release;
		};
/* End XCConfigurationList section */
	};
	rootObject = 5CD69D502D03BA8D002090CB /* Project object */;
}
